
Microsoft Visual Studio Solution File, Format Version 12.00
# Visual Studio 2013
VisualStudioVersion = 12.0.21005.1
MinimumVisualStudioVersion = 10.0.40219.1
Project("{FAE04EC0-301F-11D3-BF4B-00C04F79EFBC}") = "MongoRepository", "MongoRepository\MongoRepository.csproj", "{00FECEA0-3EE4-4B73-8BC9-6E619C2D2EAC}"
EndProject
Project("{FAE04EC0-301F-11D3-BF4B-00C04F79EFBC}") = "MongoRepository.Entities", "MongoRepository.Entities\MongoRepository.Entities.csproj", "{D938E624-07E0-4EE9-A13E-0FF1EA060669}"
EndProject
Global
	GlobalSection(SolutionConfigurationPlatforms) = preSolution
		Debug|Any CPU = Debug|Any CPU
		Release|Any CPU = Release|Any CPU
	EndGlobalSection
	GlobalSection(ProjectConfigurationPlatforms) = postSolution
		{00FECEA0-3EE4-4B73-8BC9-6E619C2D2EAC}.Debug|Any CPU.ActiveCfg = Debug|Any CPU
		{00FECEA0-3EE4-4B73-8BC9-6E619C2D2EAC}.Debug|Any CPU.Build.0 = Debug|Any CPU
		{00FECEA0-3EE4-4B73-8BC9-6E619C2D2EAC}.Release|Any CPU.ActiveCfg = Release|Any CPU
		{00FECEA0-3EE4-4B73-8BC9-6E619C2D2EAC}.Release|Any CPU.Build.0 = Release|Any CPU
		{D938E624-07E0-4EE9-A13E-0FF1EA060669}.Debug|Any CPU.ActiveCfg = Debug|Any CPU
		{D938E624-07E0-4EE9-A13E-0FF1EA060669}.Debug|Any CPU.Build.0 = Debug|Any CPU
		{D938E624-07E0-4EE9-A13E-0FF1EA060669}.Release|Any CPU.ActiveCfg = Release|Any CPU
		{D938E624-07E0-4EE9-A13E-0FF1EA060669}.Release|Any CPU.Build.0 = Release|Any CPU
	EndGlobalSection
	GlobalSection(SolutionProperties) = preSolution
		HideSolutionNode = FALSE
	EndGlobalSection
EndGlobal
